
Microsoft Visual Studio Solution File, Format Version 12.00
Project("{FAE04EC0-301F-11D3-BF4B-00C04F79EFBC}") = "UszyjMaseczke.Domain", "UszyjMaseczke.Domain\UszyjMaseczke.Domain.csproj", "{1F0CA17C-6BFB-44DC-A027-925BA48671BA}"
EndProject
Project("{FAE04EC0-301F-11D3-BF4B-00C04F79EFBC}") = "UszyjMaseczke.WebApi", "UszyjMaseczke.WebApi\UszyjMaseczke.WebApi.csproj", "{8DBC7029-DD05-499F-BA58-6B03E8B83A06}"
EndProject
Project("{FAE04EC0-301F-11D3-BF4B-00C04F79EFBC}") = "UszyjMaseczke.Infrastructure", "UszyjMaseczke.Infrastructure\UszyjMaseczke.Infrastructure.csproj", "{5CB39742-DF43-4F96-BF84-5B7456EA3B25}"
EndProject
Global
	GlobalSection(SolutionConfigurationPlatforms) = preSolution
		Debug|Any CPU = Debug|Any CPU
		Release|Any CPU = Release|Any CPU
	EndGlobalSection
	GlobalSection(ProjectConfigurationPlatforms) = postSolution
		{1F0CA17C-6BFB-44DC-A027-925BA48671BA}.Debug|Any CPU.ActiveCfg = Debug|Any CPU
		{1F0CA17C-6BFB-44DC-A027-925BA48671BA}.Debug|Any CPU.Build.0 = Debug|Any CPU
		{1F0CA17C-6BFB-44DC-A027-925BA48671BA}.Release|Any CPU.ActiveCfg = Release|Any CPU
		{1F0CA17C-6BFB-44DC-A027-925BA48671BA}.Release|Any CPU.Build.0 = Release|Any CPU
		{8DBC7029-DD05-499F-BA58-6B03E8B83A06}.Debug|Any CPU.ActiveCfg = Debug|Any CPU
		{8DBC7029-DD05-499F-BA58-6B03E8B83A06}.Debug|Any CPU.Build.0 = Debug|Any CPU
		{8DBC7029-DD05-499F-BA58-6B03E8B83A06}.Release|Any CPU.ActiveCfg = Release|Any CPU
		{8DBC7029-DD05-499F-BA58-6B03E8B83A06}.Release|Any CPU.Build.0 = Release|Any CPU
		{5CB39742-DF43-4F96-BF84-5B7456EA3B25}.Debug|Any CPU.ActiveCfg = Debug|Any CPU
		{5CB39742-DF43-4F96-BF84-5B7456EA3B25}.Debug|Any CPU.Build.0 = Debug|Any CPU
		{5CB39742-DF43-4F96-BF84-5B7456EA3B25}.Release|Any CPU.ActiveCfg = Release|Any CPU
		{5CB39742-DF43-4F96-BF84-5B7456EA3B25}.Release|Any CPU.Build.0 = Release|Any CPU
	EndGlobalSection
EndGlobal
